{
  "name": "fly",
  "version": "0.0.1",
  "lockfileVersion": 1,
  "requires": true,
  "dependencies": {
    "@types/node": {
      "version": "18.6.4",
      "resolved": "https://registry.npmmirror.com/@types/node/-/node-18.6.4.tgz",
      "integrity": "sha512-I4BD3L+6AWiUobfxZ49DlU43gtI+FTHSv9pE2Zekg6KjMpre4ByusaljW3vYSLJrvQ1ck1hUaeVu8HVlY3vzHg==",
      "dev": true
    },
    "colors.ts": {
      "version": "1.0.20",
      "resolved": "https://registry.npmmirror.com/colors.ts/-/colors.ts-1.0.20.tgz",
      "integrity": "sha512-MnVQgqGe3S7KLlK0v7rsLQciRgB4NzfRPZ4OZuu8SWNgyJuV651pMqCq7LvJ7eQO586RVspwYvK2ere7xX/m1A==",
      "dev": true
    }
  }
}
